{
  "nodes": {
    "emacs-overlay": {
      "inputs": {
        "flake-utils": "flake-utils",
        "nixpkgs": "nixpkgs"
      },
      "locked": {
        "lastModified": 1670051212,
        "narHash": "sha256-kr1c1lj9y/yzjVoEUkXfBI7qNJ371D7+Mv4qcY0vs6Q=",
        "owner": "nix-community",
        "repo": "emacs-overlay",
        "rev": "64b233cc9cfb1239f3725d0c5953581b43148956",
        "type": "github"
      },
      "original": {
        "owner": "nix-community",
        "repo": "emacs-overlay",
        "type": "github"
      }
    },
    "flake-utils": {
      "locked": {
        "lastModified": 1667395993,
        "narHash": "sha256-nuEHfE/LcWyuSWnS8t12N1wc105Qtau+/OdUAjtQ0rA=",
        "owner": "numtide",
        "repo": "flake-utils",
        "rev": "5aed5285a952e0b949eb3ba02c12fa4fcfef535f",
        "type": "github"
      },
      "original": {
        "owner": "numtide",
        "repo": "flake-utils",
        "type": "github"
      }
    },
    "home-manager": {
      "inputs": {
        "nixpkgs": [
          "nixpkgs"
        ],
        "utils": "utils"
      },
      "locked": {
        "lastModified": 1669978198,
        "narHash": "sha256-U8sZFwIIDFm9w/Kx58sYrIsWpuQUKmkcQmdBkuQ+gkE=",
        "owner": "rycee",
        "repo": "home-manager",
        "rev": "71fa4cdf9cd89a3e0d452439b6a2f7f01d6292e9",
        "type": "github"
      },
      "original": {
        "owner": "rycee",
        "ref": "master",
        "repo": "home-manager",
        "type": "github"
      }
    },
    "nixos-hardware": {
      "locked": {
        "lastModified": 1669650994,
        "narHash": "sha256-uwASLUfedIQ5q01TtMwZDEV2HCZr5nVPZjzVgCG+D5I=",
        "owner": "nixos",
        "repo": "nixos-hardware",
        "rev": "7883883d135ce5b7eae5dce4bfa12262b85c1c46",
        "type": "github"
      },
      "original": {
        "owner": "nixos",
        "repo": "nixos-hardware",
        "type": "github"
      }
    },
    "nixpkgs": {
      "locked": {
        "lastModified": 1669411043,
        "narHash": "sha256-LfPd3+EY+jaIHTRIEOUtHXuanxm59YKgUacmSzaqMLc=",
        "path": "/nix/store/rhpn666sxdwxdlksvmg49v81r5dcx33s-source",
        "rev": "5dc7114b7b256d217fe7752f1614be2514e61bb8",
        "type": "path"
      },
      "original": {
        "id": "nixpkgs",
        "type": "indirect"
      }
    },
    "nixpkgs-unstable": {
      "locked": {
        "lastModified": 1670020273,
        "narHash": "sha256-T2sQSkLMLn/4Hnf/SjKmhd6LVC9ZOAAGMdpTxf9ZXMY=",
        "owner": "NixOS",
        "repo": "nixpkgs",
        "rev": "39a1b8ebca2cd8cfbdfba3e643afdd479146aad4",
        "type": "github"
      },
      "original": {
        "id": "nixpkgs",
        "ref": "nixpkgs-unstable",
        "type": "indirect"
      }
    },
    "nixpkgs_2": {
      "locked": {
        "lastModified": 1669791787,
        "narHash": "sha256-KBfoA2fOI5+wCrm7PR+j7jHqXeTkVRPQ0m5fcKchyuU=",
        "owner": "NixOS",
        "repo": "nixpkgs",
        "rev": "e76c78d20685a043d23f5f9e0ccd2203997f1fb1",
        "type": "github"
      },
      "original": {
        "id": "nixpkgs",
        "ref": "nixos-unstable",
        "type": "indirect"
      }
    },
    "root": {
      "inputs": {
        "emacs-overlay": "emacs-overlay",
        "home-manager": "home-manager",
        "nixos-hardware": "nixos-hardware",
        "nixpkgs": "nixpkgs_2",
        "nixpkgs-unstable": "nixpkgs-unstable"
      }
    },
    "utils": {
      "locked": {
        "lastModified": 1667395993,
        "narHash": "sha256-nuEHfE/LcWyuSWnS8t12N1wc105Qtau+/OdUAjtQ0rA=",
        "owner": "numtide",
        "repo": "flake-utils",
        "rev": "5aed5285a952e0b949eb3ba02c12fa4fcfef535f",
        "type": "github"
      },
      "original": {
        "owner": "numtide",
        "repo": "flake-utils",
        "type": "github"
      }
    }
  },
  "root": "root",
  "version": 7
}
